
Microsoft Visual Studio Solution File, Format Version 12.00
# Visual Studio Version 16
VisualStudioVersion = 16.0.31005.135
MinimumVisualStudioVersion = 10.0.40219.1
Project("{9A19103F-16F7-4668-BE54-9A1E7A4F7556}") = "Week_1", "Week_1\Week_1.csproj", "{15227237-1FCC-45E2-8C7C-9D1BC68A92EA}"
EndProject
Project("{9A19103F-16F7-4668-BE54-9A1E7A4F7556}") = "Assignment1", "Assignment1\Assignment1.csproj", "{8422BED2-D8BD-476B-8BA5-739178F3AC59}"
EndProject
Project("{9A19103F-16F7-4668-BE54-9A1E7A4F7556}") = "Week_2", "Week_2\Week_2.csproj", "{E865D34A-E0AF-4581-90CA-A7CF58801C15}"
EndProject
Project("{9A19103F-16F7-4668-BE54-9A1E7A4F7556}") = "Week_3", "Week_3\Week_3.csproj", "{2E832C50-789D-4E56-88A7-499AC9B4E498}"
EndProject
Project("{9A19103F-16F7-4668-BE54-9A1E7A4F7556}") = "Assignment2a", "Assignment2a\Assignment2a.csproj", "{8F50E58E-F3AC-4CB0-9C19-F0C4AABF386D}"
EndProject
Project("{9A19103F-16F7-4668-BE54-9A1E7A4F7556}") = "week_4", "week_4\week_4.csproj", "{7D6BDB49-F236-480D-94CE-C7BA54B52B11}"
EndProject
Project("{9A19103F-16F7-4668-BE54-9A1E7A4F7556}") = "Assignment2b", "Assignment2b\Assignment2b.csproj", "{32F407F6-CF68-437F-BA35-E24B922D1687}"
EndProject
Project("{9A19103F-16F7-4668-BE54-9A1E7A4F7556}") = "Week_5_Console_Examples", "Week_5_Console_Examples\Week_5_Console_Examples.csproj", "{C8961BD4-8AB0-4D19-B86B-725EA3E4B8D8}"
EndProject
Project("{9A19103F-16F7-4668-BE54-9A1E7A4F7556}") = "Week5_SpritGen", "Week5_SpritGen\Week5_SpritGen.csproj", "{179EDDAE-0C42-4925-890E-BF0F6FC585A4}"
EndProject
Project("{9A19103F-16F7-4668-BE54-9A1E7A4F7556}") = "WeaponLib", "WeaponLib\WeaponLib.csproj", "{35430325-4089-4BE3-9E88-6BDD3B8ADC46}"
EndProject
Project("{9A19103F-16F7-4668-BE54-9A1E7A4F7556}") = "Assignment2c", "Assignment2c\Assignment2c.csproj", "{052ACD86-EDAB-4EF7-B9DC-615DF46C1E3E}"
EndProject
Project("{9A19103F-16F7-4668-BE54-9A1E7A4F7556}") = "Week_6", "Week_6\Week_6.csproj", "{A1F2EBEC-8069-42AD-B6B0-36193C407152}"
EndProject
Project("{9A19103F-16F7-4668-BE54-9A1E7A4F7556}") = "Assignment3", "Assignment3\Assignment3.csproj", "{CAE43270-5921-4041-B069-9A856106B12A}"
EndProject
Project("{9A19103F-16F7-4668-BE54-9A1E7A4F7556}") = "TextureAtlasLib", "TextureAtlasLib\TextureAtlasLib.csproj", "{31203675-F2C5-4FCD-B9B4-6F807C8FAECF}"
EndProject
Project("{FAE04EC0-301F-11D3-BF4B-00C04F79EFBC}") = "Assignment4", "Assignment4\Assignment4.csproj", "{3C241D8F-CD5F-44B7-852F-BF0409FC3CEA}"
EndProject
Global
	GlobalSection(SolutionConfigurationPlatforms) = preSolution
		Debug|Any CPU = Debug|Any CPU
		Debug|x64 = Debug|x64
		Debug|x86 = Debug|x86
		Release|Any CPU = Release|Any CPU
		Release|x64 = Release|x64
		Release|x86 = Release|x86
	EndGlobalSection
	GlobalSection(ProjectConfigurationPlatforms) = postSolution
		{15227237-1FCC-45E2-8C7C-9D1BC68A92EA}.Debug|Any CPU.ActiveCfg = Debug|Any CPU
		{15227237-1FCC-45E2-8C7C-9D1BC68A92EA}.Debug|Any CPU.Build.0 = Debug|Any CPU
		{15227237-1FCC-45E2-8C7C-9D1BC68A92EA}.Debug|x64.ActiveCfg = Debug|Any CPU
		{15227237-1FCC-45E2-8C7C-9D1BC68A92EA}.Debug|x64.Build.0 = Debug|Any CPU
		{15227237-1FCC-45E2-8C7C-9D1BC68A92EA}.Debug|x86.ActiveCfg = Debug|Any CPU
		{15227237-1FCC-45E2-8C7C-9D1BC68A92EA}.Debug|x86.Build.0 = Debug|Any CPU
		{15227237-1FCC-45E2-8C7C-9D1BC68A92EA}.Release|Any CPU.ActiveCfg = Release|Any CPU
		{15227237-1FCC-45E2-8C7C-9D1BC68A92EA}.Release|Any CPU.Build.0 = Release|Any CPU
		{15227237-1FCC-45E2-8C7C-9D1BC68A92EA}.Release|x64.ActiveCfg = Release|Any CPU
		{15227237-1FCC-45E2-8C7C-9D1BC68A92EA}.Release|x64.Build.0 = Release|Any CPU
		{15227237-1FCC-45E2-8C7C-9D1BC68A92EA}.Release|x86.ActiveCfg = Release|Any CPU
		{15227237-1FCC-45E2-8C7C-9D1BC68A92EA}.Release|x86.Build.0 = Release|Any CPU
		{8422BED2-D8BD-476B-8BA5-739178F3AC59}.Debug|Any CPU.ActiveCfg = Debug|Any CPU
		{8422BED2-D8BD-476B-8BA5-739178F3AC59}.Debug|Any CPU.Build.0 = Debug|Any CPU
		{8422BED2-D8BD-476B-8BA5-739178F3AC59}.Debug|x64.ActiveCfg = Debug|Any CPU
		{8422BED2-D8BD-476B-8BA5-739178F3AC59}.Debug|x64.Build.0 = Debug|Any CPU
		{8422BED2-D8BD-476B-8BA5-739178F3AC59}.Debug|x86.ActiveCfg = Debug|Any CPU
		{8422BED2-D8BD-476B-8BA5-739178F3AC59}.Debug|x86.Build.0 = Debug|Any CPU
		{8422BED2-D8BD-476B-8BA5-739178F3AC59}.Release|Any CPU.ActiveCfg = Release|Any CPU
		{8422BED2-D8BD-476B-8BA5-739178F3AC59}.Release|Any CPU.Build.0 = Release|Any CPU
		{8422BED2-D8BD-476B-8BA5-739178F3AC59}.Release|x64.ActiveCfg = Release|Any CPU
		{8422BED2-D8BD-476B-8BA5-739178F3AC59}.Release|x64.Build.0 = Release|Any CPU
		{8422BED2-D8BD-476B-8BA5-739178F3AC59}.Release|x86.ActiveCfg = Release|Any CPU
		{8422BED2-D8BD-476B-8BA5-739178F3AC59}.Release|x86.Build.0 = Release|Any CPU
		{E865D34A-E0AF-4581-90CA-A7CF58801C15}.Debug|Any CPU.ActiveCfg = Debug|Any CPU
		{E865D34A-E0AF-4581-90CA-A7CF58801C15}.Debug|Any CPU.Build.0 = Debug|Any CPU
		{E865D34A-E0AF-4581-90CA-A7CF58801C15}.Debug|x64.ActiveCfg = Debug|Any CPU
		{E865D34A-E0AF-4581-90CA-A7CF58801C15}.Debug|x64.Build.0 = Debug|Any CPU
		{E865D34A-E0AF-4581-90CA-A7CF58801C15}.Debug|x86.ActiveCfg = Debug|Any CPU
		{E865D34A-E0AF-4581-90CA-A7CF58801C15}.Debug|x86.Build.0 = Debug|Any CPU
		{E865D34A-E0AF-4581-90CA-A7CF58801C15}.Release|Any CPU.ActiveCfg = Release|Any CPU
		{E865D34A-E0AF-4581-90CA-A7CF58801C15}.Release|Any CPU.Build.0 = Release|Any CPU
		{E865D34A-E0AF-4581-90CA-A7CF58801C15}.Release|x64.ActiveCfg = Release|Any CPU
		{E865D34A-E0AF-4581-90CA-A7CF58801C15}.Release|x64.Build.0 = Release|Any CPU
		{E865D34A-E0AF-4581-90CA-A7CF58801C15}.Release|x86.ActiveCfg = Release|Any CPU
		{E865D34A-E0AF-4581-90CA-A7CF58801C15}.Release|x86.Build.0 = Release|Any CPU
		{2E832C50-789D-4E56-88A7-499AC9B4E498}.Debug|Any CPU.ActiveCfg = Debug|Any CPU
		{2E832C50-789D-4E56-88A7-499AC9B4E498}.Debug|Any CPU.Build.0 = Debug|Any CPU
		{2E832C50-789D-4E56-88A7-499AC9B4E498}.Debug|x64.ActiveCfg = Debug|Any CPU
		{2E832C50-789D-4E56-88A7-499AC9B4E498}.Debug|x64.Build.0 = Debug|Any CPU
		{2E832C50-789D-4E56-88A7-499AC9B4E498}.Debug|x86.ActiveCfg = Debug|Any CPU
		{2E832C50-789D-4E56-88A7-499AC9B4E498}.Debug|x86.Build.0 = Debug|Any CPU
		{2E832C50-789D-4E56-88A7-499AC9B4E498}.Release|Any CPU.ActiveCfg = Release|Any CPU
		{2E832C50-789D-4E56-88A7-499AC9B4E498}.Release|Any CPU.Build.0 = Release|Any CPU
		{2E832C50-789D-4E56-88A7-499AC9B4E498}.Release|x64.ActiveCfg = Release|Any CPU
		{2E832C50-789D-4E56-88A7-499AC9B4E498}.Release|x64.Build.0 = Release|Any CPU
		{2E832C50-789D-4E56-88A7-499AC9B4E498}.Release|x86.ActiveCfg = Release|Any CPU
		{2E832C50-789D-4E56-88A7-499AC9B4E498}.Release|x86.Build.0 = Release|Any CPU
		{8F50E58E-F3AC-4CB0-9C19-F0C4AABF386D}.Debug|Any CPU.ActiveCfg = Debug|Any CPU
		{8F50E58E-F3AC-4CB0-9C19-F0C4AABF386D}.Debug|Any CPU.Build.0 = Debug|Any CPU
		{8F50E58E-F3AC-4CB0-9C19-F0C4AABF386D}.Debug|x64.ActiveCfg = Debug|Any CPU
		{8F50E58E-F3AC-4CB0-9C19-F0C4AABF386D}.Debug|x64.Build.0 = Debug|Any CPU
		{8F50E58E-F3AC-4CB0-9C19-F0C4AABF386D}.Debug|x86.ActiveCfg = Debug|Any CPU
		{8F50E58E-F3AC-4CB0-9C19-F0C4AABF386D}.Debug|x86.Build.0 = Debug|Any CPU
		{8F50E58E-F3AC-4CB0-9C19-F0C4AABF386D}.Release|Any CPU.ActiveCfg = Release|Any CPU
		{8F50E58E-F3AC-4CB0-9C19-F0C4AABF386D}.Release|Any CPU.Build.0 = Release|Any CPU
		{8F50E58E-F3AC-4CB0-9C19-F0C4AABF386D}.Release|x64.ActiveCfg = Release|Any CPU
		{8F50E58E-F3AC-4CB0-9C19-F0C4AABF386D}.Release|x64.Build.0 = Release|Any CPU
		{8F50E58E-F3AC-4CB0-9C19-F0C4AABF386D}.Release|x86.ActiveCfg = Release|Any CPU
		{8F50E58E-F3AC-4CB0-9C19-F0C4AABF386D}.Release|x86.Build.0 = Release|Any CPU
		{7D6BDB49-F236-480D-94CE-C7BA54B52B11}.Debug|Any CPU.ActiveCfg = Debug|Any CPU
		{7D6BDB49-F236-480D-94CE-C7BA54B52B11}.Debug|Any CPU.Build.0 = Debug|Any CPU
		{7D6BDB49-F236-480D-94CE-C7BA54B52B11}.Debug|x64.ActiveCfg = Debug|Any CPU
		{7D6BDB49-F236-480D-94CE-C7BA54B52B11}.Debug|x64.Build.0 = Debug|Any CPU
		{7D6BDB49-F236-480D-94CE-C7BA54B52B11}.Debug|x86.ActiveCfg = Debug|Any CPU
		{7D6BDB49-F236-480D-94CE-C7BA54B52B11}.Debug|x86.Build.0 = Debug|Any CPU
		{7D6BDB49-F236-480D-94CE-C7BA54B52B11}.Release|Any CPU.ActiveCfg = Release|Any CPU
		{7D6BDB49-F236-480D-94CE-C7BA54B52B11}.Release|Any CPU.Build.0 = Release|Any CPU
		{7D6BDB49-F236-480D-94CE-C7BA54B52B11}.Release|x64.ActiveCfg = Release|Any CPU
		{7D6BDB49-F236-480D-94CE-C7BA54B52B11}.Release|x64.Build.0 = Release|Any CPU
		{7D6BDB49-F236-480D-94CE-C7BA54B52B11}.Release|x86.ActiveCfg = Release|Any CPU
		{7D6BDB49-F236-480D-94CE-C7BA54B52B11}.Release|x86.Build.0 = Release|Any CPU
		{32F407F6-CF68-437F-BA35-E24B922D1687}.Debug|Any CPU.ActiveCfg = Debug|Any CPU
		{32F407F6-CF68-437F-BA35-E24B922D1687}.Debug|Any CPU.Build.0 = Debug|Any CPU
		{32F407F6-CF68-437F-BA35-E24B922D1687}.Debug|x64.ActiveCfg = Debug|Any CPU
		{32F407F6-CF68-437F-BA35-E24B922D1687}.Debug|x64.Build.0 = Debug|Any CPU
		{32F407F6-CF68-437F-BA35-E24B922D1687}.Debug|x86.ActiveCfg = Debug|Any CPU
		{32F407F6-CF68-437F-BA35-E24B922D1687}.Debug|x86.Build.0 = Debug|Any CPU
		{32F407F6-CF68-437F-BA35-E24B922D1687}.Release|Any CPU.ActiveCfg = Release|Any CPU
		{32F407F6-CF68-437F-BA35-E24B922D1687}.Release|Any CPU.Build.0 = Release|Any CPU
		{32F407F6-CF68-437F-BA35-E24B922D1687}.Release|x64.ActiveCfg = Release|Any CPU
		{32F407F6-CF68-437F-BA35-E24B922D1687}.Release|x64.Build.0 = Release|Any CPU
		{32F407F6-CF68-437F-BA35-E24B922D1687}.Release|x86.ActiveCfg = Release|Any CPU
		{32F407F6-CF68-437F-BA35-E24B922D1687}.Release|x86.Build.0 = Release|Any CPU
		{C8961BD4-8AB0-4D19-B86B-725EA3E4B8D8}.Debug|Any CPU.ActiveCfg = Debug|Any CPU
		{C8961BD4-8AB0-4D19-B86B-725EA3E4B8D8}.Debug|Any CPU.Build.0 = Debug|Any CPU
		{C8961BD4-8AB0-4D19-B86B-725EA3E4B8D8}.Debug|x64.ActiveCfg = Debug|Any CPU
		{C8961BD4-8AB0-4D19-B86B-725EA3E4B8D8}.Debug|x64.Build.0 = Debug|Any CPU
		{C8961BD4-8AB0-4D19-B86B-725EA3E4B8D8}.Debug|x86.ActiveCfg = Debug|Any CPU
		{C8961BD4-8AB0-4D19-B86B-725EA3E4B8D8}.Debug|x86.Build.0 = Debug|Any CPU
		{C8961BD4-8AB0-4D19-B86B-725EA3E4B8D8}.Release|Any CPU.ActiveCfg = Release|Any CPU
		{C8961BD4-8AB0-4D19-B86B-725EA3E4B8D8}.Release|Any CPU.Build.0 = Release|Any CPU
		{C8961BD4-8AB0-4D19-B86B-725EA3E4B8D8}.Release|x64.ActiveCfg = Release|Any CPU
		{C8961BD4-8AB0-4D19-B86B-725EA3E4B8D8}.Release|x64.Build.0 = Release|Any CPU
		{C8961BD4-8AB0-4D19-B86B-725EA3E4B8D8}.Release|x86.ActiveCfg = Release|Any CPU
		{C8961BD4-8AB0-4D19-B86B-725EA3E4B8D8}.Release|x86.Build.0 = Release|Any CPU
		{179EDDAE-0C42-4925-890E-BF0F6FC585A4}.Debug|Any CPU.ActiveCfg = Debug|Any CPU
		{179EDDAE-0C42-4925-890E-BF0F6FC585A4}.Debug|Any CPU.Build.0 = Debug|Any CPU
		{179EDDAE-0C42-4925-890E-BF0F6FC585A4}.Debug|x64.ActiveCfg = Debug|Any CPU
		{179EDDAE-0C42-4925-890E-BF0F6FC585A4}.Debug|x64.Build.0 = Debug|Any CPU
		{179EDDAE-0C42-4925-890E-BF0F6FC585A4}.Debug|x86.ActiveCfg = Debug|Any CPU
		{179EDDAE-0C42-4925-890E-BF0F6FC585A4}.Debug|x86.Build.0 = Debug|Any CPU
		{179EDDAE-0C42-4925-890E-BF0F6FC585A4}.Release|Any CPU.ActiveCfg = Release|Any CPU
		{179EDDAE-0C42-4925-890E-BF0F6FC585A4}.Release|Any CPU.Build.0 = Release|Any CPU
		{179EDDAE-0C42-4925-890E-BF0F6FC585A4}.Release|x64.ActiveCfg = Release|Any CPU
		{179EDDAE-0C42-4925-890E-BF0F6FC585A4}.Release|x64.Build.0 = Release|Any CPU
		{179EDDAE-0C42-4925-890E-BF0F6FC585A4}.Release|x86.ActiveCfg = Release|Any CPU
		{179EDDAE-0C42-4925-890E-BF0F6FC585A4}.Release|x86.Build.0 = Release|Any CPU
		{35430325-4089-4BE3-9E88-6BDD3B8ADC46}.Debug|Any CPU.ActiveCfg = Debug|Any CPU
		{35430325-4089-4BE3-9E88-6BDD3B8ADC46}.Debug|Any CPU.Build.0 = Debug|Any CPU
		{35430325-4089-4BE3-9E88-6BDD3B8ADC46}.Debug|x64.ActiveCfg = Debug|Any CPU
		{35430325-4089-4BE3-9E88-6BDD3B8ADC46}.Debug|x64.Build.0 = Debug|Any CPU
		{35430325-4089-4BE3-9E88-6BDD3B8ADC46}.Debug|x86.ActiveCfg = Debug|Any CPU
		{35430325-4089-4BE3-9E88-6BDD3B8ADC46}.Debug|x86.Build.0 = Debug|Any CPU
		{35430325-4089-4BE3-9E88-6BDD3B8ADC46}.Release|Any CPU.ActiveCfg = Release|Any CPU
		{35430325-4089-4BE3-9E88-6BDD3B8ADC46}.Release|Any CPU.Build.0 = Release|Any CPU
		{35430325-4089-4BE3-9E88-6BDD3B8ADC46}.Release|x64.ActiveCfg = Release|Any CPU
		{35430325-4089-4BE3-9E88-6BDD3B8ADC46}.Release|x64.Build.0 = Release|Any CPU
		{35430325-4089-4BE3-9E88-6BDD3B8ADC46}.Release|x86.ActiveCfg = Release|Any CPU
		{35430325-4089-4BE3-9E88-6BDD3B8ADC46}.Release|x86.Build.0 = Release|Any CPU
		{052ACD86-EDAB-4EF7-B9DC-615DF46C1E3E}.Debug|Any CPU.ActiveCfg = Debug|Any CPU
		{052ACD86-EDAB-4EF7-B9DC-615DF46C1E3E}.Debug|Any CPU.Build.0 = Debug|Any CPU
		{052ACD86-EDAB-4EF7-B9DC-615DF46C1E3E}.Debug|x64.ActiveCfg = Debug|Any CPU
		{052ACD86-EDAB-4EF7-B9DC-615DF46C1E3E}.Debug|x64.Build.0 = Debug|Any CPU
		{052ACD86-EDAB-4EF7-B9DC-615DF46C1E3E}.Debug|x86.ActiveCfg = Debug|Any CPU
		{052ACD86-EDAB-4EF7-B9DC-615DF46C1E3E}.Debug|x86.Build.0 = Debug|Any CPU
		{052ACD86-EDAB-4EF7-B9DC-615DF46C1E3E}.Release|Any CPU.ActiveCfg = Release|Any CPU
		{052ACD86-EDAB-4EF7-B9DC-615DF46C1E3E}.Release|Any CPU.Build.0 = Release|Any CPU
		{052ACD86-EDAB-4EF7-B9DC-615DF46C1E3E}.Release|x64.ActiveCfg = Release|Any CPU
		{052ACD86-EDAB-4EF7-B9DC-615DF46C1E3E}.Release|x64.Build.0 = Release|Any CPU
		{052ACD86-EDAB-4EF7-B9DC-615DF46C1E3E}.Release|x86.ActiveCfg = Release|Any CPU
		{052ACD86-EDAB-4EF7-B9DC-615DF46C1E3E}.Release|x86.Build.0 = Release|Any CPU
		{A1F2EBEC-8069-42AD-B6B0-36193C407152}.Debug|Any CPU.ActiveCfg = Debug|Any CPU
		{A1F2EBEC-8069-42AD-B6B0-36193C407152}.Debug|Any CPU.Build.0 = Debug|Any CPU
		{A1F2EBEC-8069-42AD-B6B0-36193C407152}.Debug|x64.ActiveCfg = Debug|Any CPU
		{A1F2EBEC-8069-42AD-B6B0-36193C407152}.Debug|x64.Build.0 = Debug|Any CPU
		{A1F2EBEC-8069-42AD-B6B0-36193C407152}.Debug|x86.ActiveCfg = Debug|Any CPU
		{A1F2EBEC-8069-42AD-B6B0-36193C407152}.Debug|x86.Build.0 = Debug|Any CPU
		{A1F2EBEC-8069-42AD-B6B0-36193C407152}.Release|Any CPU.ActiveCfg = Release|Any CPU
		{A1F2EBEC-8069-42AD-B6B0-36193C407152}.Release|Any CPU.Build.0 = Release|Any CPU
		{A1F2EBEC-8069-42AD-B6B0-36193C407152}.Release|x64.ActiveCfg = Release|Any CPU
		{A1F2EBEC-8069-42AD-B6B0-36193C407152}.Release|x64.Build.0 = Release|Any CPU
		{A1F2EBEC-8069-42AD-B6B0-36193C407152}.Release|x86.ActiveCfg = Release|Any CPU
		{A1F2EBEC-8069-42AD-B6B0-36193C407152}.Release|x86.Build.0 = Release|Any CPU
		{CAE43270-5921-4041-B069-9A856106B12A}.Debug|Any CPU.ActiveCfg = Debug|Any CPU
		{CAE43270-5921-4041-B069-9A856106B12A}.Debug|Any CPU.Build.0 = Debug|Any CPU
		{CAE43270-5921-4041-B069-9A856106B12A}.Debug|x64.ActiveCfg = Debug|Any CPU
		{CAE43270-5921-4041-B069-9A856106B12A}.Debug|x64.Build.0 = Debug|Any CPU
		{CAE43270-5921-4041-B069-9A856106B12A}.Debug|x86.ActiveCfg = Debug|Any CPU
		{CAE43270-5921-4041-B069-9A856106B12A}.Debug|x86.Build.0 = Debug|Any CPU
		{CAE43270-5921-4041-B069-9A856106B12A}.Release|Any CPU.ActiveCfg = Release|Any CPU
		{CAE43270-5921-4041-B069-9A856106B12A}.Release|Any CPU.Build.0 = Release|Any CPU
		{CAE43270-5921-4041-B069-9A856106B12A}.Release|x64.ActiveCfg = Release|Any CPU
		{CAE43270-5921-4041-B069-9A856106B12A}.Release|x64.Build.0 = Release|Any CPU
		{CAE43270-5921-4041-B069-9A856106B12A}.Release|x86.ActiveCfg = Release|Any CPU
		{CAE43270-5921-4041-B069-9A856106B12A}.Release|x86.Build.0 = Release|Any CPU
		{31203675-F2C5-4FCD-B9B4-6F807C8FAECF}.Debug|Any CPU.ActiveCfg = Debug|Any CPU
		{31203675-F2C5-4FCD-B9B4-6F807C8FAECF}.Debug|Any CPU.Build.0 = Debug|Any CPU
		{31203675-F2C5-4FCD-B9B4-6F807C8FAECF}.Debug|x64.ActiveCfg = Debug|Any CPU
		{31203675-F2C5-4FCD-B9B4-6F807C8FAECF}.Debug|x64.Build.0 = Debug|Any CPU
		{31203675-F2C5-4FCD-B9B4-6F807C8FAECF}.Debug|x86.ActiveCfg = Debug|Any CPU
		{31203675-F2C5-4FCD-B9B4-6F807C8FAECF}.Debug|x86.Build.0 = Debug|Any CPU
		{31203675-F2C5-4FCD-B9B4-6F807C8FAECF}.Release|Any CPU.ActiveCfg = Release|Any CPU
		{31203675-F2C5-4FCD-B9B4-6F807C8FAECF}.Release|Any CPU.Build.0 = Release|Any CPU
		{31203675-F2C5-4FCD-B9B4-6F807C8FAECF}.Release|x64.ActiveCfg = Release|Any CPU
		{31203675-F2C5-4FCD-B9B4-6F807C8FAECF}.Release|x64.Build.0 = Release|Any CPU
		{31203675-F2C5-4FCD-B9B4-6F807C8FAECF}.Release|x86.ActiveCfg = Release|Any CPU
		{31203675-F2C5-4FCD-B9B4-6F807C8FAECF}.Release|x86.Build.0 = Release|Any CPU
		{3C241D8F-CD5F-44B7-852F-BF0409FC3CEA}.Debug|Any CPU.ActiveCfg = Debug|Any CPU
		{3C241D8F-CD5F-44B7-852F-BF0409FC3CEA}.Debug|Any CPU.Build.0 = Debug|Any CPU
		{3C241D8F-CD5F-44B7-852F-BF0409FC3CEA}.Debug|x64.ActiveCfg = Debug|Any CPU
		{3C241D8F-CD5F-44B7-852F-BF0409FC3CEA}.Debug|x64.Build.0 = Debug|Any CPU
		{3C241D8F-CD5F-44B7-852F-BF0409FC3CEA}.Debug|x86.ActiveCfg = Debug|Any CPU
		{3C241D8F-CD5F-44B7-852F-BF0409FC3CEA}.Debug|x86.Build.0 = Debug|Any CPU
		{3C241D8F-CD5F-44B7-852F-BF0409FC3CEA}.Release|Any CPU.ActiveCfg = Release|Any CPU
		{3C241D8F-CD5F-44B7-852F-BF0409FC3CEA}.Release|Any CPU.Build.0 = Release|Any CPU
		{3C241D8F-CD5F-44B7-852F-BF0409FC3CEA}.Release|x64.ActiveCfg = Release|Any CPU
		{3C241D8F-CD5F-44B7-852F-BF0409FC3CEA}.Release|x64.Build.0 = Release|Any CPU
		{3C241D8F-CD5F-44B7-852F-BF0409FC3CEA}.Release|x86.ActiveCfg = Release|Any CPU
		{3C241D8F-CD5F-44B7-852F-BF0409FC3CEA}.Release|x86.Build.0 = Release|Any CPU
	EndGlobalSection
	GlobalSection(SolutionProperties) = preSolution
		HideSolutionNode = FALSE
	EndGlobalSection
	GlobalSection(ExtensibilityGlobals) = postSolution
		SolutionGuid = {8A649FEA-491B-4B8C-B2DB-A9A34402DBA8}
	EndGlobalSection
EndGlobal
